// !$*UTF8*$!
{
	archiveVersion = 1;
	classes = {
	};
	objectVersion = 46;
	objects = {

/* Begin PBXBuildFile section */
		2165576033F6820827EDA186 /* libPods-Papers.a in Frameworks */ = {isa = PBXBuildFile; fileRef = DA4DEAF5E3A5D0C45904BA43 /* libPods-Papers.a */; };
		3723BD7C1A80009500AB36F2 /* Foundation.framework in Frameworks */ = {isa = PBXBuildFile; fileRef = 3723BD7B1A80009500AB36F2 /* Foundation.framework */; };
		3723BD7E1A8000A100AB36F2 /* UIKit.framework in Frameworks */ = {isa = PBXBuildFile; fileRef = 3723BD7D1A8000A100AB36F2 /* UIKit.framework */; };
		3723BD801A8000AF00AB36F2 /* CoreGraphics.framework in Frameworks */ = {isa = PBXBuildFile; fileRef = 3723BD7F1A8000AF00AB36F2 /* CoreGraphics.framework */; };
		3723BD821A8000B700AB36F2 /* AssetsLibrary.framework in Frameworks */ = {isa = PBXBuildFile; fileRef = 3723BD811A8000B700AB36F2 /* AssetsLibrary.framework */; };
		3723BD851A80050E00AB36F2 /* ImageModel.xcdatamodeld in Sources */ = {isa = PBXBuildFile; fileRef = 3723BD831A80050E00AB36F2 /* ImageModel.xcdatamodeld */; };
		3723BD881A8005BF00AB36F2 /* ImageDetails.m in Sources */ = {isa = PBXBuildFile; fileRef = 3723BD871A8005BF00AB36F2 /* ImageDetails.m */; };
		3723BD8B1A8005C000AB36F2 /* Image.m in Sources */ = {isa = PBXBuildFile; fileRef = 3723BD8A1A8005C000AB36F2 /* Image.m */; };
		377AE2401A7FFC1200F4C126 /* main.m in Sources */ = {isa = PBXBuildFile; fileRef = 377AE23F1A7FFC1200F4C126 /* main.m */; };
		377AE2431A7FFC1200F4C126 /* AppDelegate.m in Sources */ = {isa = PBXBuildFile; fileRef = 377AE2421A7FFC1200F4C126 /* AppDelegate.m */; };
		377AE24B1A7FFC1200F4C126 /* Images.xcassets in Resources */ = {isa = PBXBuildFile; fileRef = 377AE24A1A7FFC1200F4C126 /* Images.xcassets */; };
		377AE25A1A7FFC1300F4C126 /* PapersTests.m in Sources */ = {isa = PBXBuildFile; fileRef = 377AE2591A7FFC1300F4C126 /* PapersTests.m */; };
		377AE2661A7FFD7400F4C126 /* PapersViewController.m in Sources */ = {isa = PBXBuildFile; fileRef = 377AE2651A7FFD7400F4C126 /* PapersViewController.m */; };
		377AE26B1A7FFDB500F4C126 /* TesseractClient.m in Sources */ = {isa = PBXBuildFile; fileRef = 377AE26A1A7FFDB500F4C126 /* TesseractClient.m */; };
/* End PBXBuildFile section */

/* Begin PBXContainerItemProxy section */
		377AE2541A7FFC1300F4C126 /* PBXContainerItemProxy */ = {
			isa = PBXContainerItemProxy;
			containerPortal = 377AE2321A7FFC1200F4C126 /* Project object */;
			proxyType = 1;
			remoteGlobalIDString = 377AE2391A7FFC1200F4C126;
			remoteInfo = Papers;
		};
/* End PBXContainerItemProxy section */

/* Begin PBXFileReference section */
		0C9524EDD8ED070AE12F7382 /* Pods-Papers.release.xcconfig */ = {isa = PBXFileReference; includeInIndex = 1; lastKnownFileType = text.xcconfig; name = "Pods-Papers.release.xcconfig"; path = "Pods/Target Support Files/Pods-Papers/Pods-Papers.release.xcconfig"; sourceTree = "<group>"; };
		3723BD7B1A80009500AB36F2 /* Foundation.framework */ = {isa = PBXFileReference; lastKnownFileType = wrapper.framework; name = Foundation.framework; path = System/Library/Frameworks/Foundation.framework; sourceTree = SDKROOT; };
		3723BD7D1A8000A100AB36F2 /* UIKit.framework */ = {isa = PBXFileReference; lastKnownFileType = wrapper.framework; name = UIKit.framework; path = System/Library/Frameworks/UIKit.framework; sourceTree = SDKROOT; };
		3723BD7F1A8000AF00AB36F2 /* CoreGraphics.framework */ = {isa = PBXFileReference; lastKnownFileType = wrapper.framework; name = CoreGraphics.framework; path = System/Library/Frameworks/CoreGraphics.framework; sourceTree = SDKROOT; };
		3723BD811A8000B700AB36F2 /* AssetsLibrary.framework */ = {isa = PBXFileReference; lastKnownFileType = wrapper.framework; name = AssetsLibrary.framework; path = System/Library/Frameworks/AssetsLibrary.framework; sourceTree = SDKROOT; };
		3723BD841A80050E00AB36F2 /* ImageModel.xcdatamodel */ = {isa = PBXFileReference; lastKnownFileType = wrapper.xcdatamodel; path = ImageModel.xcdatamodel; sourceTree = "<group>"; };
		3723BD861A8005BF00AB36F2 /* ImageDetails.h */ = {isa = PBXFileReference; fileEncoding = 4; lastKnownFileType = sourcecode.c.h; path = ImageDetails.h; sourceTree = "<group>"; };
		3723BD871A8005BF00AB36F2 /* ImageDetails.m */ = {isa = PBXFileReference; fileEncoding = 4; lastKnownFileType = sourcecode.c.objc; path = ImageDetails.m; sourceTree = "<group>"; };
		3723BD891A8005C000AB36F2 /* Image.h */ = {isa = PBXFileReference; fileEncoding = 4; lastKnownFileType = sourcecode.c.h; path = Image.h; sourceTree = "<group>"; };
		3723BD8A1A8005C000AB36F2 /* Image.m */ = {isa = PBXFileReference; fileEncoding = 4; lastKnownFileType = sourcecode.c.objc; path = Image.m; sourceTree = "<group>"; };
		377AE23A1A7FFC1200F4C126 /* Papers.app */ = {isa = PBXFileReference; explicitFileType = wrapper.application; includeInIndex = 0; path = Papers.app; sourceTree = BUILT_PRODUCTS_DIR; };
		377AE23E1A7FFC1200F4C126 /* Info.plist */ = {isa = PBXFileReference; lastKnownFileType = text.plist.xml; path = Info.plist; sourceTree = "<group>"; };
		377AE23F1A7FFC1200F4C126 /* main.m */ = {isa = PBXFileReference; lastKnownFileType = sourcecode.c.objc; path = main.m; sourceTree = "<group>"; };
		377AE2411A7FFC1200F4C126 /* AppDelegate.h */ = {isa = PBXFileReference; lastKnownFileType = sourcecode.c.h; path = AppDelegate.h; sourceTree = "<group>"; };
		377AE2421A7FFC1200F4C126 /* AppDelegate.m */ = {isa = PBXFileReference; lastKnownFileType = sourcecode.c.objc; path = AppDelegate.m; sourceTree = "<group>"; };
		377AE24A1A7FFC1200F4C126 /* Images.xcassets */ = {isa = PBXFileReference; lastKnownFileType = folder.assetcatalog; path = Images.xcassets; sourceTree = "<group>"; };
		377AE2531A7FFC1300F4C126 /* PapersTests.xctest */ = {isa = PBXFileReference; explicitFileType = wrapper.cfbundle; includeInIndex = 0; path = PapersTests.xctest; sourceTree = BUILT_PRODUCTS_DIR; };
		377AE2581A7FFC1300F4C126 /* Info.plist */ = {isa = PBXFileReference; lastKnownFileType = text.plist.xml; path = Info.plist; sourceTree = "<group>"; };
		377AE2591A7FFC1300F4C126 /* PapersTests.m */ = {isa = PBXFileReference; lastKnownFileType = sourcecode.c.objc; path = PapersTests.m; sourceTree = "<group>"; };
		377AE2631A7FFCDA00F4C126 /* Papers-Prefix.pch */ = {isa = PBXFileReference; fileEncoding = 4; lastKnownFileType = sourcecode.c.h; path = "Papers-Prefix.pch"; sourceTree = "<group>"; };
		377AE2641A7FFD7400F4C126 /* PapersViewController.h */ = {isa = PBXFileReference; fileEncoding = 4; lastKnownFileType = sourcecode.c.h; path = PapersViewController.h; sourceTree = "<group>"; };
		377AE2651A7FFD7400F4C126 /* PapersViewController.m */ = {isa = PBXFileReference; fileEncoding = 4; lastKnownFileType = sourcecode.c.objc; path = PapersViewController.m; sourceTree = "<group>"; };
		377AE2691A7FFDB500F4C126 /* TesseractClient.h */ = {isa = PBXFileReference; fileEncoding = 4; lastKnownFileType = sourcecode.c.h; path = TesseractClient.h; sourceTree = "<group>"; };
		377AE26A1A7FFDB500F4C126 /* TesseractClient.m */ = {isa = PBXFileReference; fileEncoding = 4; lastKnownFileType = sourcecode.c.objc; path = TesseractClient.m; sourceTree = "<group>"; };
		DA4DEAF5E3A5D0C45904BA43 /* libPods-Papers.a */ = {isa = PBXFileReference; explicitFileType = archive.ar; includeInIndex = 0; path = "libPods-Papers.a"; sourceTree = BUILT_PRODUCTS_DIR; };
		F2D6C0852AEC27A73EFD1C78 /* Pods-Papers.debug.xcconfig */ = {isa = PBXFileReference; includeInIndex = 1; lastKnownFileType = text.xcconfig; name = "Pods-Papers.debug.xcconfig"; path = "Pods/Target Support Files/Pods-Papers/Pods-Papers.debug.xcconfig"; sourceTree = "<group>"; };
/* End PBXFileReference section */

/* Begin PBXFrameworksBuildPhase section */
		377AE2371A7FFC1200F4C126 /* Frameworks */ = {
			isa = PBXFrameworksBuildPhase;
			buildActionMask = 2147483647;
			files = (
				3723BD821A8000B700AB36F2 /* AssetsLibrary.framework in Frameworks */,
				3723BD801A8000AF00AB36F2 /* CoreGraphics.framework in Frameworks */,
				3723BD7E1A8000A100AB36F2 /* UIKit.framework in Frameworks */,
				3723BD7C1A80009500AB36F2 /* Foundation.framework in Frameworks */,
				2165576033F6820827EDA186 /* libPods-Papers.a in Frameworks */,
			);
			runOnlyForDeploymentPostprocessing = 0;
		};
		377AE2501A7FFC1300F4C126 /* Frameworks */ = {
			isa = PBXFrameworksBuildPhase;
			buildActionMask = 2147483647;
			files = (
			);
			runOnlyForDeploymentPostprocessing = 0;
		};
/* End PBXFrameworksBuildPhase section */

/* Begin PBXGroup section */
		143E022F45702C5579A13C94 /* Pods */ = {
			isa = PBXGroup;
			children = (
				F2D6C0852AEC27A73EFD1C78 /* Pods-Papers.debug.xcconfig */,
				0C9524EDD8ED070AE12F7382 /* Pods-Papers.release.xcconfig */,
			);
			name = Pods;
			sourceTree = "<group>";
		};
		377AE2311A7FFC1200F4C126 = {
			isa = PBXGroup;
			children = (
				377AE23C1A7FFC1200F4C126 /* Papers */,
				377AE2561A7FFC1300F4C126 /* PapersTests */,
				377AE23B1A7FFC1200F4C126 /* Products */,
				143E022F45702C5579A13C94 /* Pods */,
				F07DB36A0151E7C5AA621C20 /* Frameworks */,
			);
			sourceTree = "<group>";
		};
		377AE23B1A7FFC1200F4C126 /* Products */ = {
			isa = PBXGroup;
			children = (
				377AE23A1A7FFC1200F4C126 /* Papers.app */,
				377AE2531A7FFC1300F4C126 /* PapersTests.xctest */,
			);
			name = Products;
			sourceTree = "<group>";
		};
		377AE23C1A7FFC1200F4C126 /* Papers */ = {
			isa = PBXGroup;
			children = (
				377AE2681A7FFD8100F4C126 /* Delegate */,
				377AE26C1A7FFDBA00F4C126 /* Model */,
				377AE2671A7FFD7900F4C126 /* Controller */,
				377AE24A1A7FFC1200F4C126 /* Images.xcassets */,
				377AE23D1A7FFC1200F4C126 /* Supporting Files */,
			);
			path = Papers;
			sourceTree = "<group>";
		};
		377AE23D1A7FFC1200F4C126 /* Supporting Files */ = {
			isa = PBXGroup;
			children = (
				377AE23E1A7FFC1200F4C126 /* Info.plist */,
				377AE23F1A7FFC1200F4C126 /* main.m */,
				377AE2631A7FFCDA00F4C126 /* Papers-Prefix.pch */,
			);
			name = "Supporting Files";
			sourceTree = "<group>";
		};
		377AE2561A7FFC1300F4C126 /* PapersTests */ = {
			isa = PBXGroup;
			children = (
				377AE2591A7FFC1300F4C126 /* PapersTests.m */,
				377AE2571A7FFC1300F4C126 /* Supporting Files */,
			);
			path = PapersTests;
			sourceTree = "<group>";
		};
		377AE2571A7FFC1300F4C126 /* Supporting Files */ = {
			isa = PBXGroup;
			children = (
				377AE2581A7FFC1300F4C126 /* Info.plist */,
			);
			name = "Supporting Files";
			sourceTree = "<group>";
		};
		377AE2671A7FFD7900F4C126 /* Controller */ = {
			isa = PBXGroup;
			children = (
				377AE2641A7FFD7400F4C126 /* PapersViewController.h */,
				377AE2651A7FFD7400F4C126 /* PapersViewController.m */,
			);
			name = Controller;
			sourceTree = "<group>";
		};
		377AE2681A7FFD8100F4C126 /* Delegate */ = {
			isa = PBXGroup;
			children = (
				377AE2411A7FFC1200F4C126 /* AppDelegate.h */,
				377AE2421A7FFC1200F4C126 /* AppDelegate.m */,
			);
			name = Delegate;
			sourceTree = "<group>";
		};
		377AE26C1A7FFDBA00F4C126 /* Model */ = {
			isa = PBXGroup;
			children = (
				3723BD831A80050E00AB36F2 /* ImageModel.xcdatamodeld */,
				3723BD891A8005C000AB36F2 /* Image.h */,
				3723BD8A1A8005C000AB36F2 /* Image.m */,
				3723BD861A8005BF00AB36F2 /* ImageDetails.h */,
				3723BD871A8005BF00AB36F2 /* ImageDetails.m */,
				377AE2691A7FFDB500F4C126 /* TesseractClient.h */,
				377AE26A1A7FFDB500F4C126 /* TesseractClient.m */,
			);
			name = Model;
			sourceTree = "<group>";
		};
		F07DB36A0151E7C5AA621C20 /* Frameworks */ = {
			isa = PBXGroup;
			children = (
				3723BD811A8000B700AB36F2 /* AssetsLibrary.framework */,
				3723BD7F1A8000AF00AB36F2 /* CoreGraphics.framework */,
				3723BD7D1A8000A100AB36F2 /* UIKit.framework */,
				3723BD7B1A80009500AB36F2 /* Foundation.framework */,
				DA4DEAF5E3A5D0C45904BA43 /* libPods-Papers.a */,
			);
			name = Frameworks;
			sourceTree = "<group>";
		};
/* End PBXGroup section */

/* Begin PBXNativeTarget section */
		377AE2391A7FFC1200F4C126 /* Papers */ = {
			isa = PBXNativeTarget;
			buildConfigurationList = 377AE25D1A7FFC1300F4C126 /* Build configuration list for PBXNativeTarget "Papers" */;
			buildPhases = (
				8EDB98C1D7B05E1FD0A30762 /* Check Pods Manifest.lock */,
				377AE2361A7FFC1200F4C126 /* Sources */,
				377AE2371A7FFC1200F4C126 /* Frameworks */,
				377AE2381A7FFC1200F4C126 /* Resources */,
				6320F6864F67EA53DBA1B24A /* Copy Pods Resources */,
			);
			buildRules = (
			);
			dependencies = (
			);
			name = Papers;
			productName = Papers;
			productReference = 377AE23A1A7FFC1200F4C126 /* Papers.app */;
			productType = "com.apple.product-type.application";
		};
		377AE2521A7FFC1300F4C126 /* PapersTests */ = {
			isa = PBXNativeTarget;
			buildConfigurationList = 377AE2601A7FFC1300F4C126 /* Build configuration list for PBXNativeTarget "PapersTests" */;
			buildPhases = (
				377AE24F1A7FFC1300F4C126 /* Sources */,
				377AE2501A7FFC1300F4C126 /* Frameworks */,
				377AE2511A7FFC1300F4C126 /* Resources */,
			);
			buildRules = (
			);
			dependencies = (
				377AE2551A7FFC1300F4C126 /* PBXTargetDependency */,
			);
			name = PapersTests;
			productName = PapersTests;
			productReference = 377AE2531A7FFC1300F4C126 /* PapersTests.xctest */;
			productType = "com.apple.product-type.bundle.unit-test";
		};
/* End PBXNativeTarget section */

/* Begin PBXProject section */
		377AE2321A7FFC1200F4C126 /* Project object */ = {
			isa = PBXProject;
			attributes = {
				LastUpgradeCheck = 0610;
				ORGANIZATIONNAME = "Philippe Schmid";
				TargetAttributes = {
					377AE2391A7FFC1200F4C126 = {
						CreatedOnToolsVersion = 6.1.1;
					};
					377AE2521A7FFC1300F4C126 = {
						CreatedOnToolsVersion = 6.1.1;
						TestTargetID = 377AE2391A7FFC1200F4C126;
					};
				};
			};
			buildConfigurationList = 377AE2351A7FFC1200F4C126 /* Build configuration list for PBXProject "Papers" */;
			compatibilityVersion = "Xcode 3.2";
			developmentRegion = English;
			hasScannedForEncodings = 0;
			knownRegions = (
				en,
				Base,
			);
			mainGroup = 377AE2311A7FFC1200F4C126;
			productRefGroup = 377AE23B1A7FFC1200F4C126 /* Products */;
			projectDirPath = "";
			projectRoot = "";
			targets = (
				377AE2391A7FFC1200F4C126 /* Papers */,
				377AE2521A7FFC1300F4C126 /* PapersTests */,
			);
		};
/* End PBXProject section */

/* Begin PBXResourcesBuildPhase section */
		377AE2381A7FFC1200F4C126 /* Resources */ = {
			isa = PBXResourcesBuildPhase;
			buildActionMask = 2147483647;
			files = (
				377AE24B1A7FFC1200F4C126 /* Images.xcassets in Resources */,
			);
			runOnlyForDeploymentPostprocessing = 0;
		};
		377AE2511A7FFC1300F4C126 /* Resources */ = {
			isa = PBXResourcesBuildPhase;
			buildActionMask = 2147483647;
			files = (
			);
			runOnlyForDeploymentPostprocessing = 0;
		};
/* End PBXResourcesBuildPhase section */

/* Begin PBXShellScriptBuildPhase section */
		6320F6864F67EA53DBA1B24A /* Copy Pods Resources */ = {
			isa = PBXShellScriptBuildPhase;
			buildActionMask = 2147483647;
			files = (
			);
			inputPaths = (
			);
			name = "Copy Pods Resources";
			outputPaths = (
			);
			runOnlyForDeploymentPostprocessing = 0;
			shellPath = /bin/sh;
			shellScript = "\"${SRCROOT}/Pods/Target Support Files/Pods-Papers/Pods-Papers-resources.sh\"\n";
			showEnvVarsInLog = 0;
		};
		8EDB98C1D7B05E1FD0A30762 /* Check Pods Manifest.lock */ = {
			isa = PBXShellScriptBuildPhase;
			buildActionMask = 2147483647;
			files = (
			);
			inputPaths = (
			);
			name = "Check Pods Manifest.lock";
			outputPaths = (
			);
			runOnlyForDeploymentPostprocessing = 0;
			shellPath = /bin/sh;
			shellScript = "diff \"${PODS_ROOT}/../Podfile.lock\" \"${PODS_ROOT}/Manifest.lock\" > /dev/null\nif [[ $? != 0 ]] ; then\n    cat << EOM\nerror: The sandbox is not in sync with the Podfile.lock. Run 'pod install' or update your CocoaPods installation.\nEOM\n    exit 1\nfi\n";
			showEnvVarsInLog = 0;
		};
/* End PBXShellScriptBuildPhase section */

/* Begin PBXSourcesBuildPhase section */
		377AE2361A7FFC1200F4C126 /* Sources */ = {
			isa = PBXSourcesBuildPhase;
			buildActionMask = 2147483647;
			files = (
				3723BD851A80050E00AB36F2 /* ImageModel.xcdatamodeld in Sources */,
				377AE2431A7FFC1200F4C126 /* AppDelegate.m in Sources */,
				3723BD881A8005BF00AB36F2 /* ImageDetails.m in Sources */,
				377AE26B1A7FFDB500F4C126 /* TesseractClient.m in Sources */,
				377AE2661A7FFD7400F4C126 /* PapersViewController.m in Sources */,
				377AE2401A7FFC1200F4C126 /* main.m in Sources */,
				3723BD8B1A8005C000AB36F2 /* Image.m in Sources */,
			);
			runOnlyForDeploymentPostprocessing = 0;
		};
		377AE24F1A7FFC1300F4C126 /* Sources */ = {
			isa = PBXSourcesBuildPhase;
			buildActionMask = 2147483647;
			files = (
				377AE25A1A7FFC1300F4C126 /* PapersTests.m in Sources */,
			);
			runOnlyForDeploymentPostprocessing = 0;
		};
/* End PBXSourcesBuildPhase section */

/* Begin PBXTargetDependency section */
		377AE2551A7FFC1300F4C126 /* PBXTargetDependency */ = {
			isa = PBXTargetDependency;
			target = 377AE2391A7FFC1200F4C126 /* Papers */;
			targetProxy = 377AE2541A7FFC1300F4C126 /* PBXContainerItemProxy */;
		};
/* End PBXTargetDependency section */

/* Begin XCBuildConfiguration section */
		377AE25B1A7FFC1300F4C126 /* Debug */ = {
			isa = XCBuildConfiguration;
			buildSettings = {
				ALWAYS_SEARCH_USER_PATHS = NO;
				CLANG_CXX_LANGUAGE_STANDARD = "gnu++0x";
				CLANG_CXX_LIBRARY = "libc++";
				CLANG_ENABLE_MODULES = YES;
				CLANG_ENABLE_OBJC_ARC = YES;
				CLANG_WARN_BOOL_CONVERSION = YES;
				CLANG_WARN_CONSTANT_CONVERSION = YES;
				CLANG_WARN_DIRECT_OBJC_ISA_USAGE = YES_ERROR;
				CLANG_WARN_EMPTY_BODY = YES;
				CLANG_WARN_ENUM_CONVERSION = YES;
				CLANG_WARN_INT_CONVERSION = YES;
				CLANG_WARN_OBJC_ROOT_CLASS = YES_ERROR;
				CLANG_WARN_UNREACHABLE_CODE = YES;
				CLANG_WARN__DUPLICATE_METHOD_MATCH = YES;
				"CODE_SIGN_IDENTITY[sdk=iphoneos*]" = "iPhone Developer";
				COPY_PHASE_STRIP = NO;
				ENABLE_STRICT_OBJC_MSGSEND = YES;
				GCC_C_LANGUAGE_STANDARD = gnu99;
				GCC_DYNAMIC_NO_PIC = NO;
				GCC_OPTIMIZATION_LEVEL = 0;
				GCC_PREPROCESSOR_DEFINITIONS = (
					"DEBUG=1",
					"$(inherited)",
				);
				GCC_SYMBOLS_PRIVATE_EXTERN = NO;
				GCC_WARN_64_TO_32_BIT_CONVERSION = YES;
				GCC_WARN_ABOUT_RETURN_TYPE = YES_ERROR;
				GCC_WARN_UNDECLARED_SELECTOR = YES;
				GCC_WARN_UNINITIALIZED_AUTOS = YES_AGGRESSIVE;
				GCC_WARN_UNUSED_FUNCTION = YES;
				GCC_WARN_UNUSED_VARIABLE = YES;
				IPHONEOS_DEPLOYMENT_TARGET = 8.1;
				MTL_ENABLE_DEBUG_INFO = YES;
				ONLY_ACTIVE_ARCH = YES;
				SDKROOT = iphoneos;
			};
			name = Debug;
		};
		377AE25C1A7FFC1300F4C126 /* Release */ = {
			isa = XCBuildConfiguration;
			buildSettings = {
				ALWAYS_SEARCH_USER_PATHS = NO;
				CLANG_CXX_LANGUAGE_STANDARD = "gnu++0x";
				CLANG_CXX_LIBRARY = "libc++";
				CLANG_ENABLE_MODULES = YES;
				CLANG_ENABLE_OBJC_ARC = YES;
				CLANG_WARN_BOOL_CONVERSION = YES;
				CLANG_WARN_CONSTANT_CONVERSION = YES;
				CLANG_WARN_DIRECT_OBJC_ISA_USAGE = YES_ERROR;
				CLANG_WARN_EMPTY_BODY = YES;
				CLANG_WARN_ENUM_CONVERSION = YES;
				CLANG_WARN_INT_CONVERSION = YES;
				CLANG_WARN_OBJC_ROOT_CLASS = YES_ERROR;
				CLANG_WARN_UNREACHABLE_CODE = YES;
				CLANG_WARN__DUPLICATE_METHOD_MATCH = YES;
				"CODE_SIGN_IDENTITY[sdk=iphoneos*]" = "iPhone Developer";
				COPY_PHASE_STRIP = YES;
				ENABLE_NS_ASSERTIONS = NO;
				ENABLE_STRICT_OBJC_MSGSEND = YES;
				GCC_C_LANGUAGE_STANDARD = gnu99;
				GCC_WARN_64_TO_32_BIT_CONVERSION = YES;
				GCC_WARN_ABOUT_RETURN_TYPE = YES_ERROR;
				GCC_WARN_UNDECLARED_SELECTOR = YES;
				GCC_WARN_UNINITIALIZED_AUTOS = YES_AGGRESSIVE;
				GCC_WARN_UNUSED_FUNCTION = YES;
				GCC_WARN_UNUSED_VARIABLE = YES;
				IPHONEOS_DEPLOYMENT_TARGET = 8.1;
				MTL_ENABLE_DEBUG_INFO = NO;
				SDKROOT = iphoneos;
				VALIDATE_PRODUCT = YES;
			};
			name = Release;
		};
		377AE25E1A7FFC1300F4C126 /* Debug */ = {
			isa = XCBuildConfiguration;
			baseConfigurationReference = F2D6C0852AEC27A73EFD1C78 /* Pods-Papers.debug.xcconfig */;
			buildSettings = {
				ASSETCATALOG_COMPILER_APPICON_NAME = AppIcon;
				GCC_PRECOMPILE_PREFIX_HEADER = YES;
				GCC_PREFIX_HEADER = "Papers/Papers-Prefix.pch";
				INFOPLIST_FILE = Papers/Info.plist;
				LD_RUNPATH_SEARCH_PATHS = "$(inherited) @executable_path/Frameworks";
				PRODUCT_NAME = "$(TARGET_NAME)";
			};
			name = Debug;
		};
		377AE25F1A7FFC1300F4C126 /* Release */ = {
			isa = XCBuildConfiguration;
			baseConfigurationReference = 0C9524EDD8ED070AE12F7382 /* Pods-Papers.release.xcconfig */;
			buildSettings = {
				ASSETCATALOG_COMPILER_APPICON_NAME = AppIcon;
				GCC_PRECOMPILE_PREFIX_HEADER = YES;
				GCC_PREFIX_HEADER = "Papers/Papers-Prefix.pch";
				INFOPLIST_FILE = Papers/Info.plist;
				LD_RUNPATH_SEARCH_PATHS = "$(inherited) @executable_path/Frameworks";
				PRODUCT_NAME = "$(TARGET_NAME)";
			};
			name = Release;
		};
		377AE2611A7FFC1300F4C126 /* Debug */ = {
			isa = XCBuildConfiguration;
			buildSettings = {
				BUNDLE_LOADER = "$(TEST_HOST)";
				FRAMEWORK_SEARCH_PATHS = (
					"$(SDKROOT)/Developer/Library/Frameworks",
					"$(inherited)",
				);
				GCC_PREPROCESSOR_DEFINITIONS = (
					"DEBUG=1",
					"$(inherited)",
				);
				INFOPLIST_FILE = PapersTests/Info.plist;
				LD_RUNPATH_SEARCH_PATHS = "$(inherited) @executable_path/Frameworks @loader_path/Frameworks";
				PRODUCT_NAME = "$(TARGET_NAME)";
				TEST_HOST = "$(BUILT_PRODUCTS_DIR)/Papers.app/Papers";
			};
			name = Debug;
		};
		377AE2621A7FFC1300F4C126 /* Release */ = {
			isa = XCBuildConfiguration;
			buildSettings = {
				BUNDLE_LOADER = "$(TEST_HOST)";
				FRAMEWORK_SEARCH_PATHS = (
					"$(SDKROOT)/Developer/Library/Frameworks",
					"$(inherited)",
				);
				INFOPLIST_FILE = PapersTests/Info.plist;
				LD_RUNPATH_SEARCH_PATHS = "$(inherited) @executable_path/Frameworks @loader_path/Frameworks";
				PRODUCT_NAME = "$(TARGET_NAME)";
				TEST_HOST = "$(BUILT_PRODUCTS_DIR)/Papers.app/Papers";
			};
			name = Release;
		};
/* End XCBuildConfiguration section */

/* Begin XCConfigurationList section */
		377AE2351A7FFC1200F4C126 /* Build configuration list for PBXProject "Papers" */ = {
			isa = XCConfigurationList;
			buildConfigurations = (
				377AE25B1A7FFC1300F4C126 /* Debug */,
				377AE25C1A7FFC1300F4C126 /* Release */,
			);
			defaultConfigurationIsVisible = 0;
			defaultConfigurationName = Release;
		};
		377AE25D1A7FFC1300F4C126 /* Build configuration list for PBXNativeTarget "Papers" */ = {
			isa = XCConfigurationList;
			buildConfigurations = (
				377AE25E1A7FFC1300F4C126 /* Debug */,
				377AE25F1A7FFC1300F4C126 /* Release */,
			);
			defaultConfigurationIsVisible = 0;
			defaultConfigurationName = Release;
		};
		377AE2601A7FFC1300F4C126 /* Build configuration list for PBXNativeTarget "PapersTests" */ = {
			isa = XCConfigurationList;
			buildConfigurations = (
				377AE2611A7FFC1300F4C126 /* Debug */,
				377AE2621A7FFC1300F4C126 /* Release */,
			);
			defaultConfigurationIsVisible = 0;
			defaultConfigurationName = Release;
		};
/* End XCConfigurationList section */

/* Begin XCVersionGroup section */
		3723BD831A80050E00AB36F2 /* ImageModel.xcdatamodeld */ = {
			isa = XCVersionGroup;
			children = (
				3723BD841A80050E00AB36F2 /* ImageModel.xcdatamodel */,
			);
			currentVersion = 3723BD841A80050E00AB36F2 /* ImageModel.xcdatamodel */;
			path = ImageModel.xcdatamodeld;
			sourceTree = "<group>";
			versionGroupType = wrapper.xcdatamodel;
		};
/* End XCVersionGroup section */
	};
	rootObject = 377AE2321A7FFC1200F4C126 /* Project object */;
}
